
Microsoft Visual Studio Solution File, Format Version 12.00
# Visual Studio 14
VisualStudioVersion = 14.0.24720.0
MinimumVisualStudioVersion = 10.0.40219.1
Project("{F2A71F9B-5D33-465A-A702-920D77279786}") = "Angara.Table", "..\..\src\Angara.Table\Angara.Table.fsproj", "{3EF758E5-F5FE-40EF-8364-FE29F9338D79}"
EndProject
Project("{FAE04EC0-301F-11D3-BF4B-00C04F79EFBC}") = "Angara.Table.TestsC", "..\..\src\Angara.Table.TestsC\Angara.Table.TestsC.csproj", "{F05CE339-15D8-4980-BBE1-845878DB15F1}"
EndProject
Project("{F2A71F9B-5D33-465A-A702-920D77279786}") = "Angara.Table.TestsF", "..\..\src\Angara.Table.TestsF\Angara.Table.TestsF.fsproj", "{4640E8E6-232C-4159-83C9-ECAF71B52A25}"
EndProject
Global
	GlobalSection(SolutionConfigurationPlatforms) = preSolution
		Debug|Any CPU = Debug|Any CPU
		Release|Any CPU = Release|Any CPU
	EndGlobalSection
	GlobalSection(ProjectConfigurationPlatforms) = postSolution
		{3EF758E5-F5FE-40EF-8364-FE29F9338D79}.Debug|Any CPU.ActiveCfg = Debug|Any CPU
		{3EF758E5-F5FE-40EF-8364-FE29F9338D79}.Debug|Any CPU.Build.0 = Debug|Any CPU
		{3EF758E5-F5FE-40EF-8364-FE29F9338D79}.Release|Any CPU.ActiveCfg = Release|Any CPU
		{3EF758E5-F5FE-40EF-8364-FE29F9338D79}.Release|Any CPU.Build.0 = Release|Any CPU
		{F05CE339-15D8-4980-BBE1-845878DB15F1}.Debug|Any CPU.ActiveCfg = Debug|Any CPU
		{F05CE339-15D8-4980-BBE1-845878DB15F1}.Debug|Any CPU.Build.0 = Debug|Any CPU
		{F05CE339-15D8-4980-BBE1-845878DB15F1}.Release|Any CPU.ActiveCfg = Release|Any CPU
		{F05CE339-15D8-4980-BBE1-845878DB15F1}.Release|Any CPU.Build.0 = Release|Any CPU
		{4640E8E6-232C-4159-83C9-ECAF71B52A25}.Debug|Any CPU.ActiveCfg = Debug|Any CPU
		{4640E8E6-232C-4159-83C9-ECAF71B52A25}.Debug|Any CPU.Build.0 = Debug|Any CPU
		{4640E8E6-232C-4159-83C9-ECAF71B52A25}.Release|Any CPU.ActiveCfg = Release|Any CPU
		{4640E8E6-232C-4159-83C9-ECAF71B52A25}.Release|Any CPU.Build.0 = Release|Any CPU
	EndGlobalSection
	GlobalSection(SolutionProperties) = preSolution
		HideSolutionNode = FALSE
	EndGlobalSection
EndGlobal
